// !$*UTF8*$!
{
	archiveVersion = 1;
	classes = {
	};
	objectVersion = 51;
	objects = {

/* Begin PBXBuildFile section */
		A79DE09B2553D7F500EB4D6B /* AppDelegate.swift in Sources */ = {isa = PBXBuildFile; fileRef = A79DE09A2553D7F500EB4D6B /* AppDelegate.swift */; };
		A79DE09D2553D7F500EB4D6B /* SceneDelegate.swift in Sources */ = {isa = PBXBuildFile; fileRef = A79DE09C2553D7F500EB4D6B /* SceneDelegate.swift */; };
		A79DE09F2553D7F500EB4D6B /* FriendsViewcontoller.swift in Sources */ = {isa = PBXBuildFile; fileRef = A79DE09E2553D7F500EB4D6B /* FriendsViewcontoller.swift */; };
		A79DE0A22553D7F500EB4D6B /* Main.storyboard in Resources */ = {isa = PBXBuildFile; fileRef = A79DE0A02553D7F500EB4D6B /* Main.storyboard */; };
		A79DE0A42553D7F500EB4D6B /* Assets.xcassets in Resources */ = {isa = PBXBuildFile; fileRef = A79DE0A32553D7F500EB4D6B /* Assets.xcassets */; };
		A79DE0A72553D7F500EB4D6B /* LaunchScreen.storyboard in Resources */ = {isa = PBXBuildFile; fileRef = A79DE0A52553D7F500EB4D6B /* LaunchScreen.storyboard */; };
		A7CAB19F2554150E004AEEE6 /* DatabaseManager.swift in Sources */ = {isa = PBXBuildFile; fileRef = A7CAB19E2554150E004AEEE6 /* DatabaseManager.swift */; };
		A7CAB1A32555271F004AEEE6 /* AddFriendsViewController.swift in Sources */ = {isa = PBXBuildFile; fileRef = A7CAB1A22555271F004AEEE6 /* AddFriendsViewController.swift */; };
		A7CAB1A6255538AC004AEEE6 /* ChatContentViewController.swift in Sources */ = {isa = PBXBuildFile; fileRef = A7CAB1A5255538AC004AEEE6 /* ChatContentViewController.swift */; };
		A7E5BCAE2553FF5E009ECE78 /* ChattingViewController.swift in Sources */ = {isa = PBXBuildFile; fileRef = A7E5BCAD2553FF5E009ECE78 /* ChattingViewController.swift */; };
		A7E5BCB425540B06009ECE78 /* GoogleService-Info.plist in Resources */ = {isa = PBXBuildFile; fileRef = A7E5BCB325540B06009ECE78 /* GoogleService-Info.plist */; };
		B7DE6FD538A3B237F0AECB24 /* Pods_JHMessenger.framework in Frameworks */ = {isa = PBXBuildFile; fileRef = B46F53B48A9E38C8AB116064 /* Pods_JHMessenger.framework */; };
/* End PBXBuildFile section */

/* Begin PBXFileReference section */
		32A7E973323FF22AB249E36B /* Pods-JHMessenger.release.xcconfig */ = {isa = PBXFileReference; includeInIndex = 1; lastKnownFileType = text.xcconfig; name = "Pods-JHMessenger.release.xcconfig"; path = "Target Support Files/Pods-JHMessenger/Pods-JHMessenger.release.xcconfig"; sourceTree = "<group>"; };
		62886624AED28630A2197859 /* Pods-JHMessenger.debug.xcconfig */ = {isa = PBXFileReference; includeInIndex = 1; lastKnownFileType = text.xcconfig; name = "Pods-JHMessenger.debug.xcconfig"; path = "Target Support Files/Pods-JHMessenger/Pods-JHMessenger.debug.xcconfig"; sourceTree = "<group>"; };
		A79DE0972553D7F500EB4D6B /* JHMessenger.app */ = {isa = PBXFileReference; explicitFileType = wrapper.application; includeInIndex = 0; path = JHMessenger.app; sourceTree = BUILT_PRODUCTS_DIR; };
		A79DE09A2553D7F500EB4D6B /* AppDelegate.swift */ = {isa = PBXFileReference; lastKnownFileType = sourcecode.swift; path = AppDelegate.swift; sourceTree = "<group>"; };
		A79DE09C2553D7F500EB4D6B /* SceneDelegate.swift */ = {isa = PBXFileReference; lastKnownFileType = sourcecode.swift; path = SceneDelegate.swift; sourceTree = "<group>"; };
		A79DE09E2553D7F500EB4D6B /* FriendsViewcontoller.swift */ = {isa = PBXFileReference; lastKnownFileType = sourcecode.swift; path = FriendsViewcontoller.swift; sourceTree = "<group>"; };
		A79DE0A12553D7F500EB4D6B /* Base */ = {isa = PBXFileReference; lastKnownFileType = file.storyboard; name = Base; path = Base.lproj/Main.storyboard; sourceTree = "<group>"; };
		A79DE0A32553D7F500EB4D6B /* Assets.xcassets */ = {isa = PBXFileReference; lastKnownFileType = folder.assetcatalog; path = Assets.xcassets; sourceTree = "<group>"; };
		A79DE0A62553D7F500EB4D6B /* Base */ = {isa = PBXFileReference; lastKnownFileType = file.storyboard; name = Base; path = Base.lproj/LaunchScreen.storyboard; sourceTree = "<group>"; };
		A79DE0A82553D7F500EB4D6B /* Info.plist */ = {isa = PBXFileReference; lastKnownFileType = text.plist.xml; path = Info.plist; sourceTree = "<group>"; };
		A7CAB19E2554150E004AEEE6 /* DatabaseManager.swift */ = {isa = PBXFileReference; lastKnownFileType = sourcecode.swift; path = DatabaseManager.swift; sourceTree = "<group>"; };
		A7CAB1A22555271F004AEEE6 /* AddFriendsViewController.swift */ = {isa = PBXFileReference; lastKnownFileType = sourcecode.swift; path = AddFriendsViewController.swift; sourceTree = "<group>"; };
		A7CAB1A5255538AC004AEEE6 /* ChatContentViewController.swift */ = {isa = PBXFileReference; lastKnownFileType = sourcecode.swift; path = ChatContentViewController.swift; sourceTree = "<group>"; };
		A7E5BCAD2553FF5E009ECE78 /* ChattingViewController.swift */ = {isa = PBXFileReference; lastKnownFileType = sourcecode.swift; path = ChattingViewController.swift; sourceTree = "<group>"; };
		A7E5BCB325540B06009ECE78 /* GoogleService-Info.plist */ = {isa = PBXFileReference; fileEncoding = 4; lastKnownFileType = text.plist.xml; path = "GoogleService-Info.plist"; sourceTree = "<group>"; };
		B46F53B48A9E38C8AB116064 /* Pods_JHMessenger.framework */ = {isa = PBXFileReference; explicitFileType = wrapper.framework; includeInIndex = 0; path = Pods_JHMessenger.framework; sourceTree = BUILT_PRODUCTS_DIR; };
/* End PBXFileReference section */

/* Begin PBXFrameworksBuildPhase section */
		A79DE0942553D7F500EB4D6B /* Frameworks */ = {
			isa = PBXFrameworksBuildPhase;
			buildActionMask = 2147483647;
			files = (
				B7DE6FD538A3B237F0AECB24 /* Pods_JHMessenger.framework in Frameworks */,
			);
			runOnlyForDeploymentPostprocessing = 0;
		};
/* End PBXFrameworksBuildPhase section */

/* Begin PBXGroup section */
		2D832A5220D7CD5DD0C08A1A /* Frameworks */ = {
			isa = PBXGroup;
			children = (
				B46F53B48A9E38C8AB116064 /* Pods_JHMessenger.framework */,
			);
			name = Frameworks;
			sourceTree = "<group>";
		};
		8C02C974964B982EE21BF873 /* Pods */ = {
			isa = PBXGroup;
			children = (
				62886624AED28630A2197859 /* Pods-JHMessenger.debug.xcconfig */,
				32A7E973323FF22AB249E36B /* Pods-JHMessenger.release.xcconfig */,
			);
			path = Pods;
			sourceTree = "<group>";
		};
		A79DE08E2553D7F500EB4D6B = {
			isa = PBXGroup;
			children = (
				A79DE0992553D7F500EB4D6B /* JHMessenger */,
				A79DE0982553D7F500EB4D6B /* Products */,
				8C02C974964B982EE21BF873 /* Pods */,
				2D832A5220D7CD5DD0C08A1A /* Frameworks */,
			);
			sourceTree = "<group>";
		};
		A79DE0982553D7F500EB4D6B /* Products */ = {
			isa = PBXGroup;
			children = (
				A79DE0972553D7F500EB4D6B /* JHMessenger.app */,
			);
			name = Products;
			sourceTree = "<group>";
		};
		A79DE0992553D7F500EB4D6B /* JHMessenger */ = {
			isa = PBXGroup;
			children = (
				A7CAB19D255414F2004AEEE6 /* Data */,
				A7E5BCB125540691009ECE78 /* frineds */,
				A7E5BCB025540686009ECE78 /* chatting */,
				A79DE09A2553D7F500EB4D6B /* AppDelegate.swift */,
				A79DE09C2553D7F500EB4D6B /* SceneDelegate.swift */,
				A79DE0A02553D7F500EB4D6B /* Main.storyboard */,
				A79DE0A32553D7F500EB4D6B /* Assets.xcassets */,
				A79DE0A52553D7F500EB4D6B /* LaunchScreen.storyboard */,
				A79DE0A82553D7F500EB4D6B /* Info.plist */,
				A7E5BCB325540B06009ECE78 /* GoogleService-Info.plist */,
			);
			path = JHMessenger;
			sourceTree = "<group>";
		};
		A7CAB19D255414F2004AEEE6 /* Data */ = {
			isa = PBXGroup;
			children = (
				A7CAB19E2554150E004AEEE6 /* DatabaseManager.swift */,
			);
			path = Data;
			sourceTree = "<group>";
		};
		A7E5BCB025540686009ECE78 /* chatting */ = {
			isa = PBXGroup;
			children = (
				A7E5BCAD2553FF5E009ECE78 /* ChattingViewController.swift */,
				A7CAB1A5255538AC004AEEE6 /* ChatContentViewController.swift */,
			);
			path = chatting;
			sourceTree = "<group>";
		};
		A7E5BCB125540691009ECE78 /* frineds */ = {
			isa = PBXGroup;
			children = (
				A79DE09E2553D7F500EB4D6B /* FriendsViewcontoller.swift */,
				A7CAB1A22555271F004AEEE6 /* AddFriendsViewController.swift */,
			);
			path = frineds;
			sourceTree = "<group>";
		};
/* End PBXGroup section */

/* Begin PBXNativeTarget section */
		A79DE0962553D7F500EB4D6B /* JHMessenger */ = {
			isa = PBXNativeTarget;
			buildConfigurationList = A79DE0AB2553D7F500EB4D6B /* Build configuration list for PBXNativeTarget "JHMessenger" */;
			buildPhases = (
				E37AEE1308DF11806EBDB13E /* [CP] Check Pods Manifest.lock */,
				A79DE0932553D7F500EB4D6B /* Sources */,
				A79DE0942553D7F500EB4D6B /* Frameworks */,
				A79DE0952553D7F500EB4D6B /* Resources */,
				5075E6C8E97EBF48FB9F4138 /* [CP] Embed Pods Frameworks */,
			);
			buildRules = (
			);
			dependencies = (
			);
			name = JHMessenger;
			productName = JHMessenger;
			productReference = A79DE0972553D7F500EB4D6B /* JHMessenger.app */;
			productType = "com.apple.product-type.application";
		};
/* End PBXNativeTarget section */

/* Begin PBXProject section */
		A79DE08F2553D7F500EB4D6B /* Project object */ = {
			isa = PBXProject;
			attributes = {
				LastSwiftUpdateCheck = 1210;
				LastUpgradeCheck = 1210;
				TargetAttributes = {
					A79DE0962553D7F500EB4D6B = {
						CreatedOnToolsVersion = 12.1;
					};
				};
			};
			buildConfigurationList = A79DE0922553D7F500EB4D6B /* Build configuration list for PBXProject "JHMessenger" */;
			compatibilityVersion = "Xcode 9.3";
			developmentRegion = en;
			hasScannedForEncodings = 0;
			knownRegions = (
				en,
				Base,
			);
			mainGroup = A79DE08E2553D7F500EB4D6B;
			productRefGroup = A79DE0982553D7F500EB4D6B /* Products */;
			projectDirPath = "";
			projectRoot = "";
			targets = (
				A79DE0962553D7F500EB4D6B /* JHMessenger */,
			);
		};
/* End PBXProject section */

/* Begin PBXResourcesBuildPhase section */
		A79DE0952553D7F500EB4D6B /* Resources */ = {
			isa = PBXResourcesBuildPhase;
			buildActionMask = 2147483647;
			files = (
				A79DE0A72553D7F500EB4D6B /* LaunchScreen.storyboard in Resources */,
				A79DE0A42553D7F500EB4D6B /* Assets.xcassets in Resources */,
				A7E5BCB425540B06009ECE78 /* GoogleService-Info.plist in Resources */,
				A79DE0A22553D7F500EB4D6B /* Main.storyboard in Resources */,
			);
			runOnlyForDeploymentPostprocessing = 0;
		};
/* End PBXResourcesBuildPhase section */

/* Begin PBXShellScriptBuildPhase section */
		5075E6C8E97EBF48FB9F4138 /* [CP] Embed Pods Frameworks */ = {
			isa = PBXShellScriptBuildPhase;
			buildActionMask = 2147483647;
			files = (
			);
			inputFileListPaths = (
				"${PODS_ROOT}/Target Support Files/Pods-JHMessenger/Pods-JHMessenger-frameworks-${CONFIGURATION}-input-files.xcfilelist",
			);
			name = "[CP] Embed Pods Frameworks";
			outputFileListPaths = (
				"${PODS_ROOT}/Target Support Files/Pods-JHMessenger/Pods-JHMessenger-frameworks-${CONFIGURATION}-output-files.xcfilelist",
			);
			runOnlyForDeploymentPostprocessing = 0;
			shellPath = /bin/sh;
			shellScript = "\"${PODS_ROOT}/Target Support Files/Pods-JHMessenger/Pods-JHMessenger-frameworks.sh\"\n";
			showEnvVarsInLog = 0;
		};
		E37AEE1308DF11806EBDB13E /* [CP] Check Pods Manifest.lock */ = {
			isa = PBXShellScriptBuildPhase;
			buildActionMask = 2147483647;
			files = (
			);
			inputFileListPaths = (
			);
			inputPaths = (
				"${PODS_PODFILE_DIR_PATH}/Podfile.lock",
				"${PODS_ROOT}/Manifest.lock",
			);
			name = "[CP] Check Pods Manifest.lock";
			outputFileListPaths = (
			);
			outputPaths = (
				"$(DERIVED_FILE_DIR)/Pods-JHMessenger-checkManifestLockResult.txt",
			);
			runOnlyForDeploymentPostprocessing = 0;
			shellPath = /bin/sh;
			shellScript = "diff \"${PODS_PODFILE_DIR_PATH}/Podfile.lock\" \"${PODS_ROOT}/Manifest.lock\" > /dev/null\nif [ $? != 0 ] ; then\n    # print error to STDERR\n    echo \"error: The sandbox is not in sync with the Podfile.lock. Run 'pod install' or update your CocoaPods installation.\" >&2\n    exit 1\nfi\n# This output is used by Xcode 'outputs' to avoid re-running this script phase.\necho \"SUCCESS\" > \"${SCRIPT_OUTPUT_FILE_0}\"\n";
			showEnvVarsInLog = 0;
		};
/* End PBXShellScriptBuildPhase section */

/* Begin PBXSourcesBuildPhase section */
		A79DE0932553D7F500EB4D6B /* Sources */ = {
			isa = PBXSourcesBuildPhase;
			buildActionMask = 2147483647;
			files = (
				A7CAB1A32555271F004AEEE6 /* AddFriendsViewController.swift in Sources */,
				A7E5BCAE2553FF5E009ECE78 /* ChattingViewController.swift in Sources */,
				A7CAB19F2554150E004AEEE6 /* DatabaseManager.swift in Sources */,
				A79DE09F2553D7F500EB4D6B /* FriendsViewcontoller.swift in Sources */,
				A79DE09B2553D7F500EB4D6B /* AppDelegate.swift in Sources */,
				A7CAB1A6255538AC004AEEE6 /* ChatContentViewController.swift in Sources */,
				A79DE09D2553D7F500EB4D6B /* SceneDelegate.swift in Sources */,
			);
			runOnlyForDeploymentPostprocessing = 0;
		};
/* End PBXSourcesBuildPhase section */

/* Begin PBXVariantGroup section */
		A79DE0A02553D7F500EB4D6B /* Main.storyboard */ = {
			isa = PBXVariantGroup;
			children = (
				A79DE0A12553D7F500EB4D6B /* Base */,
			);
			name = Main.storyboard;
			sourceTree = "<group>";
		};
		A79DE0A52553D7F500EB4D6B /* LaunchScreen.storyboard */ = {
			isa = PBXVariantGroup;
			children = (
				A79DE0A62553D7F500EB4D6B /* Base */,
			);
			name = LaunchScreen.storyboard;
			sourceTree = "<group>";
		};
/* End PBXVariantGroup section */

/* Begin XCBuildConfiguration section */
		A79DE0A92553D7F500EB4D6B /* Debug */ = {
			isa = XCBuildConfiguration;
			buildSettings = {
				ALWAYS_SEARCH_USER_PATHS = NO;
				CLANG_ANALYZER_NONNULL = YES;
				CLANG_ANALYZER_NUMBER_OBJECT_CONVERSION = YES_AGGRESSIVE;
				CLANG_CXX_LANGUAGE_STANDARD = "gnu++14";
				CLANG_CXX_LIBRARY = "libc++";
				CLANG_ENABLE_MODULES = YES;
				CLANG_ENABLE_OBJC_ARC = YES;
				CLANG_ENABLE_OBJC_WEAK = YES;
				CLANG_WARN_BLOCK_CAPTURE_AUTORELEASING = YES;
				CLANG_WARN_BOOL_CONVERSION = YES;
				CLANG_WARN_COMMA = YES;
				CLANG_WARN_CONSTANT_CONVERSION = YES;
				CLANG_WARN_DEPRECATED_OBJC_IMPLEMENTATIONS = YES;
				CLANG_WARN_DIRECT_OBJC_ISA_USAGE = YES_ERROR;
				CLANG_WARN_DOCUMENTATION_COMMENTS = YES;
				CLANG_WARN_EMPTY_BODY = YES;
				CLANG_WARN_ENUM_CONVERSION = YES;
				CLANG_WARN_INFINITE_RECURSION = YES;
				CLANG_WARN_INT_CONVERSION = YES;
				CLANG_WARN_NON_LITERAL_NULL_CONVERSION = YES;
				CLANG_WARN_OBJC_IMPLICIT_RETAIN_SELF = YES;
				CLANG_WARN_OBJC_LITERAL_CONVERSION = YES;
				CLANG_WARN_OBJC_ROOT_CLASS = YES_ERROR;
				CLANG_WARN_QUOTED_INCLUDE_IN_FRAMEWORK_HEADER = YES;
				CLANG_WARN_RANGE_LOOP_ANALYSIS = YES;
				CLANG_WARN_STRICT_PROTOTYPES = YES;
				CLANG_WARN_SUSPICIOUS_MOVE = YES;
				CLANG_WARN_UNGUARDED_AVAILABILITY = YES_AGGRESSIVE;
				CLANG_WARN_UNREACHABLE_CODE = YES;
				CLANG_WARN__DUPLICATE_METHOD_MATCH = YES;
				COPY_PHASE_STRIP = NO;
				DEBUG_INFORMATION_FORMAT = dwarf;
				ENABLE_STRICT_OBJC_MSGSEND = YES;
				ENABLE_TESTABILITY = YES;
				GCC_C_LANGUAGE_STANDARD = gnu11;
				GCC_DYNAMIC_NO_PIC = NO;
				GCC_NO_COMMON_BLOCKS = YES;
				GCC_OPTIMIZATION_LEVEL = 0;
				GCC_PREPROCESSOR_DEFINITIONS = (
					"DEBUG=1",
					"$(inherited)",
				);
				GCC_WARN_64_TO_32_BIT_CONVERSION = YES;
				GCC_WARN_ABOUT_RETURN_TYPE = YES_ERROR;
				GCC_WARN_UNDECLARED_SELECTOR = YES;
				GCC_WARN_UNINITIALIZED_AUTOS = YES_AGGRESSIVE;
				GCC_WARN_UNUSED_FUNCTION = YES;
				GCC_WARN_UNUSED_VARIABLE = YES;
				IPHONEOS_DEPLOYMENT_TARGET = 14.1;
				MTL_ENABLE_DEBUG_INFO = INCLUDE_SOURCE;
				MTL_FAST_MATH = YES;
				ONLY_ACTIVE_ARCH = YES;
				SDKROOT = iphoneos;
				SWIFT_ACTIVE_COMPILATION_CONDITIONS = DEBUG;
				SWIFT_OPTIMIZATION_LEVEL = "-Onone";
			};
			name = Debug;
		};
		A79DE0AA2553D7F500EB4D6B /* Release */ = {
			isa = XCBuildConfiguration;
			buildSettings = {
				ALWAYS_SEARCH_USER_PATHS = NO;
				CLANG_ANALYZER_NONNULL = YES;
				CLANG_ANALYZER_NUMBER_OBJECT_CONVERSION = YES_AGGRESSIVE;
				CLANG_CXX_LANGUAGE_STANDARD = "gnu++14";
				CLANG_CXX_LIBRARY = "libc++";
				CLANG_ENABLE_MODULES = YES;
				CLANG_ENABLE_OBJC_ARC = YES;
				CLANG_ENABLE_OBJC_WEAK = YES;
				CLANG_WARN_BLOCK_CAPTURE_AUTORELEASING = YES;
				CLANG_WARN_BOOL_CONVERSION = YES;
				CLANG_WARN_COMMA = YES;
				CLANG_WARN_CONSTANT_CONVERSION = YES;
				CLANG_WARN_DEPRECATED_OBJC_IMPLEMENTATIONS = YES;
				CLANG_WARN_DIRECT_OBJC_ISA_USAGE = YES_ERROR;
				CLANG_WARN_DOCUMENTATION_COMMENTS = YES;
				CLANG_WARN_EMPTY_BODY = YES;
				CLANG_WARN_ENUM_CONVERSION = YES;
				CLANG_WARN_INFINITE_RECURSION = YES;
				CLANG_WARN_INT_CONVERSION = YES;
				CLANG_WARN_NON_LITERAL_NULL_CONVERSION = YES;
				CLANG_WARN_OBJC_IMPLICIT_RETAIN_SELF = YES;
				CLANG_WARN_OBJC_LITERAL_CONVERSION = YES;
				CLANG_WARN_OBJC_ROOT_CLASS = YES_ERROR;
				CLANG_WARN_QUOTED_INCLUDE_IN_FRAMEWORK_HEADER = YES;
				CLANG_WARN_RANGE_LOOP_ANALYSIS = YES;
				CLANG_WARN_STRICT_PROTOTYPES = YES;
				CLANG_WARN_SUSPICIOUS_MOVE = YES;
				CLANG_WARN_UNGUARDED_AVAILABILITY = YES_AGGRESSIVE;
				CLANG_WARN_UNREACHABLE_CODE = YES;
				CLANG_WARN__DUPLICATE_METHOD_MATCH = YES;
				COPY_PHASE_STRIP = NO;
				DEBUG_INFORMATION_FORMAT = "dwarf-with-dsym";
				ENABLE_NS_ASSERTIONS = NO;
				ENABLE_STRICT_OBJC_MSGSEND = YES;
				GCC_C_LANGUAGE_STANDARD = gnu11;
				GCC_NO_COMMON_BLOCKS = YES;
				GCC_WARN_64_TO_32_BIT_CONVERSION = YES;
				GCC_WARN_ABOUT_RETURN_TYPE = YES_ERROR;
				GCC_WARN_UNDECLARED_SELECTOR = YES;
				GCC_WARN_UNINITIALIZED_AUTOS = YES_AGGRESSIVE;
				GCC_WARN_UNUSED_FUNCTION = YES;
				GCC_WARN_UNUSED_VARIABLE = YES;
				IPHONEOS_DEPLOYMENT_TARGET = 14.1;
				MTL_ENABLE_DEBUG_INFO = NO;
				MTL_FAST_MATH = YES;
				SDKROOT = iphoneos;
				SWIFT_COMPILATION_MODE = wholemodule;
				SWIFT_OPTIMIZATION_LEVEL = "-O";
				VALIDATE_PRODUCT = YES;
			};
			name = Release;
		};
		A79DE0AC2553D7F500EB4D6B /* Debug */ = {
			isa = XCBuildConfiguration;
			baseConfigurationReference = 62886624AED28630A2197859 /* Pods-JHMessenger.debug.xcconfig */;
			buildSettings = {
				ASSETCATALOG_COMPILER_APPICON_NAME = AppIcon;
				ASSETCATALOG_COMPILER_GLOBAL_ACCENT_COLOR_NAME = AccentColor;
				CODE_SIGN_STYLE = Automatic;
				DEVELOPMENT_TEAM = CH57QT784A;
				INFOPLIST_FILE = JHMessenger/Info.plist;
				LD_RUNPATH_SEARCH_PATHS = (
					"$(inherited)",
					"@executable_path/Frameworks",
				);
				PRODUCT_BUNDLE_IDENTIFIER = JH.JHMessenger;
				PRODUCT_NAME = "$(TARGET_NAME)";
				SWIFT_VERSION = 5.0;
				TARGETED_DEVICE_FAMILY = "1,2";
			};
			name = Debug;
		};
		A79DE0AD2553D7F500EB4D6B /* Release */ = {
			isa = XCBuildConfiguration;
			baseConfigurationReference = 32A7E973323FF22AB249E36B /* Pods-JHMessenger.release.xcconfig */;
			buildSettings = {
				ASSETCATALOG_COMPILER_APPICON_NAME = AppIcon;
				ASSETCATALOG_COMPILER_GLOBAL_ACCENT_COLOR_NAME = AccentColor;
				CODE_SIGN_STYLE = Automatic;
				DEVELOPMENT_TEAM = CH57QT784A;
				INFOPLIST_FILE = JHMessenger/Info.plist;
				LD_RUNPATH_SEARCH_PATHS = (
					"$(inherited)",
					"@executable_path/Frameworks",
				);
				PRODUCT_BUNDLE_IDENTIFIER = JH.JHMessenger;
				PRODUCT_NAME = "$(TARGET_NAME)";
				SWIFT_VERSION = 5.0;
				TARGETED_DEVICE_FAMILY = "1,2";
			};
			name = Release;
		};
/* End XCBuildConfiguration section */

/* Begin XCConfigurationList section */
		A79DE0922553D7F500EB4D6B /* Build configuration list for PBXProject "JHMessenger" */ = {
			isa = XCConfigurationList;
			buildConfigurations = (
				A79DE0A92553D7F500EB4D6B /* Debug */,
				A79DE0AA2553D7F500EB4D6B /* Release */,
			);
			defaultConfigurationIsVisible = 0;
			defaultConfigurationName = Release;
		};
		A79DE0AB2553D7F500EB4D6B /* Build configuration list for PBXNativeTarget "JHMessenger" */ = {
			isa = XCConfigurationList;
			buildConfigurations = (
				A79DE0AC2553D7F500EB4D6B /* Debug */,
				A79DE0AD2553D7F500EB4D6B /* Release */,
			);
			defaultConfigurationIsVisible = 0;
			defaultConfigurationName = Release;
		};
/* End XCConfigurationList section */
	};
	rootObject = A79DE08F2553D7F500EB4D6B /* Project object */;
}
